
Microsoft Visual Studio Solution File, Format Version 12.00
# Visual Studio Version 17
VisualStudioVersion = 17.11.35327.3
MinimumVisualStudioVersion = 10.0.40219.1
Project("{FAE04EC0-301F-11D3-BF4B-00C04F79EFBC}") = "Telcean_Lorena_Lab1", "Telcean_Lorena_Lab1.csproj", "{DD3B9ED0-512F-46F2-8CE3-2DDB30BB42BC}"
EndProject
Global
	GlobalSection(SolutionConfigurationPlatforms) = preSolution
		Debug|Any CPU = Debug|Any CPU
		Release|Any CPU = Release|Any CPU
	EndGlobalSection
	GlobalSection(ProjectConfigurationPlatforms) = postSolution
		{DD3B9ED0-512F-46F2-8CE3-2DDB30BB42BC}.Debug|Any CPU.ActiveCfg = Debug|Any CPU
		{DD3B9ED0-512F-46F2-8CE3-2DDB30BB42BC}.Debug|Any CPU.Build.0 = Debug|Any CPU
		{DD3B9ED0-512F-46F2-8CE3-2DDB30BB42BC}.Release|Any CPU.ActiveCfg = Release|Any CPU
		{DD3B9ED0-512F-46F2-8CE3-2DDB30BB42BC}.Release|Any CPU.Build.0 = Release|Any CPU
	EndGlobalSection
	GlobalSection(SolutionProperties) = preSolution
		HideSolutionNode = FALSE
	EndGlobalSection
	GlobalSection(ExtensibilityGlobals) = postSolution
		SolutionGuid = {F56A24CD-974C-436E-808B-6C550FBEFB16}
	EndGlobalSection
EndGlobal
